// !$*UTF8*$!
{
	archiveVersion = 1;
	classes = {
	};
	objectVersion = 46;
	objects = {

/* Begin PBXBuildFile section */
		13CEA1F61A92E11200331FBC /* AppDelegate.swift in Sources */ = {isa = PBXBuildFile; fileRef = 13CEA1F51A92E11200331FBC /* AppDelegate.swift */; };
		13CEA1F81A92E11200331FBC /* ViewController.swift in Sources */ = {isa = PBXBuildFile; fileRef = 13CEA1F71A92E11200331FBC /* ViewController.swift */; };
		13CEA1FB1A92E11200331FBC /* Main.storyboard in Resources */ = {isa = PBXBuildFile; fileRef = 13CEA1F91A92E11200331FBC /* Main.storyboard */; };
		13CEA1FD1A92E11200331FBC /* Images.xcassets in Resources */ = {isa = PBXBuildFile; fileRef = 13CEA1FC1A92E11200331FBC /* Images.xcassets */; };
		13CEA2001A92E11200331FBC /* LaunchScreen.xib in Resources */ = {isa = PBXBuildFile; fileRef = 13CEA1FE1A92E11200331FBC /* LaunchScreen.xib */; };
		13CEA20C1A92E11200331FBC /* TimerTests.swift in Sources */ = {isa = PBXBuildFile; fileRef = 13CEA20B1A92E11200331FBC /* TimerTests.swift */; };
/* End PBXBuildFile section */

/* Begin PBXContainerItemProxy section */
		13CEA2061A92E11200331FBC /* PBXContainerItemProxy */ = {
			isa = PBXContainerItemProxy;
			containerPortal = 13CEA1E81A92E11200331FBC /* Project object */;
			proxyType = 1;
			remoteGlobalIDString = 13CEA1EF1A92E11200331FBC;
			remoteInfo = Timer;
		};
/* End PBXContainerItemProxy section */

/* Begin PBXFileReference section */
		13CEA1F01A92E11200331FBC /* Timer.app */ = {isa = PBXFileReference; explicitFileType = wrapper.application; includeInIndex = 0; path = Timer.app; sourceTree = BUILT_PRODUCTS_DIR; };
		13CEA1F41A92E11200331FBC /* Info.plist */ = {isa = PBXFileReference; lastKnownFileType = text.plist.xml; path = Info.plist; sourceTree = "<group>"; };
		13CEA1F51A92E11200331FBC /* AppDelegate.swift */ = {isa = PBXFileReference; lastKnownFileType = sourcecode.swift; path = AppDelegate.swift; sourceTree = "<group>"; };
		13CEA1F71A92E11200331FBC /* ViewController.swift */ = {isa = PBXFileReference; lastKnownFileType = sourcecode.swift; path = ViewController.swift; sourceTree = "<group>"; };
		13CEA1FA1A92E11200331FBC /* Base */ = {isa = PBXFileReference; lastKnownFileType = file.storyboard; name = Base; path = Base.lproj/Main.storyboard; sourceTree = "<group>"; };
		13CEA1FC1A92E11200331FBC /* Images.xcassets */ = {isa = PBXFileReference; lastKnownFileType = folder.assetcatalog; path = Images.xcassets; sourceTree = "<group>"; };
		13CEA1FF1A92E11200331FBC /* Base */ = {isa = PBXFileReference; lastKnownFileType = file.xib; name = Base; path = Base.lproj/LaunchScreen.xib; sourceTree = "<group>"; };
		13CEA2051A92E11200331FBC /* TimerTests.xctest */ = {isa = PBXFileReference; explicitFileType = wrapper.cfbundle; includeInIndex = 0; path = TimerTests.xctest; sourceTree = BUILT_PRODUCTS_DIR; };
		13CEA20A1A92E11200331FBC /* Info.plist */ = {isa = PBXFileReference; lastKnownFileType = text.plist.xml; path = Info.plist; sourceTree = "<group>"; };
		13CEA20B1A92E11200331FBC /* TimerTests.swift */ = {isa = PBXFileReference; lastKnownFileType = sourcecode.swift; path = TimerTests.swift; sourceTree = "<group>"; };
/* End PBXFileReference section */

/* Begin PBXFrameworksBuildPhase section */
		13CEA1ED1A92E11200331FBC /* Frameworks */ = {
			isa = PBXFrameworksBuildPhase;
			buildActionMask = 2147483647;
			files = (
			);
			runOnlyForDeploymentPostprocessing = 0;
		};
		13CEA2021A92E11200331FBC /* Frameworks */ = {
			isa = PBXFrameworksBuildPhase;
			buildActionMask = 2147483647;
			files = (
			);
			runOnlyForDeploymentPostprocessing = 0;
		};
/* End PBXFrameworksBuildPhase section */

/* Begin PBXGroup section */
		13CEA1E71A92E11200331FBC = {
			isa = PBXGroup;
			children = (
				13CEA1F21A92E11200331FBC /* Timer */,
				13CEA2081A92E11200331FBC /* TimerTests */,
				13CEA1F11A92E11200331FBC /* Products */,
			);
			sourceTree = "<group>";
		};
		13CEA1F11A92E11200331FBC /* Products */ = {
			isa = PBXGroup;
			children = (
				13CEA1F01A92E11200331FBC /* Timer.app */,
				13CEA2051A92E11200331FBC /* TimerTests.xctest */,
			);
			name = Products;
			sourceTree = "<group>";
		};
		13CEA1F21A92E11200331FBC /* Timer */ = {
			isa = PBXGroup;
			children = (
				13CEA1F51A92E11200331FBC /* AppDelegate.swift */,
				13CEA1F71A92E11200331FBC /* ViewController.swift */,
				13CEA1F91A92E11200331FBC /* Main.storyboard */,
				13CEA1FC1A92E11200331FBC /* Images.xcassets */,
				13CEA1FE1A92E11200331FBC /* LaunchScreen.xib */,
				13CEA1F31A92E11200331FBC /* Supporting Files */,
			);
			path = Timer;
			sourceTree = "<group>";
		};
		13CEA1F31A92E11200331FBC /* Supporting Files */ = {
			isa = PBXGroup;
			children = (
				13CEA1F41A92E11200331FBC /* Info.plist */,
			);
			name = "Supporting Files";
			sourceTree = "<group>";
		};
		13CEA2081A92E11200331FBC /* TimerTests */ = {
			isa = PBXGroup;
			children = (
				13CEA20B1A92E11200331FBC /* TimerTests.swift */,
				13CEA2091A92E11200331FBC /* Supporting Files */,
			);
			path = TimerTests;
			sourceTree = "<group>";
		};
		13CEA2091A92E11200331FBC /* Supporting Files */ = {
			isa = PBXGroup;
			children = (
				13CEA20A1A92E11200331FBC /* Info.plist */,
			);
			name = "Supporting Files";
			sourceTree = "<group>";
		};
/* End PBXGroup section */

/* Begin PBXNativeTarget section */
		13CEA1EF1A92E11200331FBC /* Timer */ = {
			isa = PBXNativeTarget;
			buildConfigurationList = 13CEA20F1A92E11200331FBC /* Build configuration list for PBXNativeTarget "Timer" */;
			buildPhases = (
				13CEA1EC1A92E11200331FBC /* Sources */,
				13CEA1ED1A92E11200331FBC /* Frameworks */,
				13CEA1EE1A92E11200331FBC /* Resources */,
			);
			buildRules = (
			);
			dependencies = (
			);
			name = Timer;
			productName = Timer;
			productReference = 13CEA1F01A92E11200331FBC /* Timer.app */;
			productType = "com.apple.product-type.application";
		};
		13CEA2041A92E11200331FBC /* TimerTests */ = {
			isa = PBXNativeTarget;
			buildConfigurationList = 13CEA2121A92E11200331FBC /* Build configuration list for PBXNativeTarget "TimerTests" */;
			buildPhases = (
				13CEA2011A92E11200331FBC /* Sources */,
				13CEA2021A92E11200331FBC /* Frameworks */,
				13CEA2031A92E11200331FBC /* Resources */,
			);
			buildRules = (
			);
			dependencies = (
				13CEA2071A92E11200331FBC /* PBXTargetDependency */,
			);
			name = TimerTests;
			productName = TimerTests;
			productReference = 13CEA2051A92E11200331FBC /* TimerTests.xctest */;
			productType = "com.apple.product-type.bundle.unit-test";
		};
/* End PBXNativeTarget section */

/* Begin PBXProject section */
		13CEA1E81A92E11200331FBC /* Project object */ = {
			isa = PBXProject;
			attributes = {
				LastUpgradeCheck = 0610;
				ORGANIZATIONNAME = Training;
				TargetAttributes = {
					13CEA1EF1A92E11200331FBC = {
						CreatedOnToolsVersion = 6.1.1;
					};
					13CEA2041A92E11200331FBC = {
						CreatedOnToolsVersion = 6.1.1;
						TestTargetID = 13CEA1EF1A92E11200331FBC;
					};
				};
			};
			buildConfigurationList = 13CEA1EB1A92E11200331FBC /* Build configuration list for PBXProject "Timer" */;
			compatibilityVersion = "Xcode 3.2";
			developmentRegion = English;
			hasScannedForEncodings = 0;
			knownRegions = (
				en,
				Base,
			);
			mainGroup = 13CEA1E71A92E11200331FBC;
			productRefGroup = 13CEA1F11A92E11200331FBC /* Products */;
			projectDirPath = "";
			projectRoot = "";
			targets = (
				13CEA1EF1A92E11200331FBC /* Timer */,
				13CEA2041A92E11200331FBC /* TimerTests */,
			);
		};
/* End PBXProject section */

/* Begin PBXResourcesBuildPhase section */
		13CEA1EE1A92E11200331FBC /* Resources */ = {
			isa = PBXResourcesBuildPhase;
			buildActionMask = 2147483647;
			files = (
				13CEA1FB1A92E11200331FBC /* Main.storyboard in Resources */,
				13CEA2001A92E11200331FBC /* LaunchScreen.xib in Resources */,
				13CEA1FD1A92E11200331FBC /* Images.xcassets in Resources */,
			);
			runOnlyForDeploymentPostprocessing = 0;
		};
		13CEA2031A92E11200331FBC /* Resources */ = {
			isa = PBXResourcesBuildPhase;
			buildActionMask = 2147483647;
			files = (
			);
			runOnlyForDeploymentPostprocessing = 0;
		};
/* End PBXResourcesBuildPhase section */

/* Begin PBXSourcesBuildPhase section */
		13CEA1EC1A92E11200331FBC /* Sources */ = {
			isa = PBXSourcesBuildPhase;
			buildActionMask = 2147483647;
			files = (
				13CEA1F81A92E11200331FBC /* ViewController.swift in Sources */,
				13CEA1F61A92E11200331FBC /* AppDelegate.swift in Sources */,
			);
			runOnlyForDeploymentPostprocessing = 0;
		};
		13CEA2011A92E11200331FBC /* Sources */ = {
			isa = PBXSourcesBuildPhase;
			buildActionMask = 2147483647;
			files = (
				13CEA20C1A92E11200331FBC /* TimerTests.swift in Sources */,
			);
			runOnlyForDeploymentPostprocessing = 0;
		};
/* End PBXSourcesBuildPhase section */

/* Begin PBXTargetDependency section */
		13CEA2071A92E11200331FBC /* PBXTargetDependency */ = {
			isa = PBXTargetDependency;
			target = 13CEA1EF1A92E11200331FBC /* Timer */;
			targetProxy = 13CEA2061A92E11200331FBC /* PBXContainerItemProxy */;
		};
/* End PBXTargetDependency section */

/* Begin PBXVariantGroup section */
		13CEA1F91A92E11200331FBC /* Main.storyboard */ = {
			isa = PBXVariantGroup;
			children = (
				13CEA1FA1A92E11200331FBC /* Base */,
			);
			name = Main.storyboard;
			sourceTree = "<group>";
		};
		13CEA1FE1A92E11200331FBC /* LaunchScreen.xib */ = {
			isa = PBXVariantGroup;
			children = (
				13CEA1FF1A92E11200331FBC /* Base */,
			);
			name = LaunchScreen.xib;
			sourceTree = "<group>";
		};
/* End PBXVariantGroup section */

/* Begin XCBuildConfiguration section */
		13CEA20D1A92E11200331FBC /* Debug */ = {
			isa = XCBuildConfiguration;
			buildSettings = {
				ALWAYS_SEARCH_USER_PATHS = NO;
				CLANG_CXX_LANGUAGE_STANDARD = "gnu++0x";
				CLANG_CXX_LIBRARY = "libc++";
				CLANG_ENABLE_MODULES = YES;
				CLANG_ENABLE_OBJC_ARC = YES;
				CLANG_WARN_BOOL_CONVERSION = YES;
				CLANG_WARN_CONSTANT_CONVERSION = YES;
				CLANG_WARN_DIRECT_OBJC_ISA_USAGE = YES_ERROR;
				CLANG_WARN_EMPTY_BODY = YES;
				CLANG_WARN_ENUM_CONVERSION = YES;
				CLANG_WARN_INT_CONVERSION = YES;
				CLANG_WARN_OBJC_ROOT_CLASS = YES_ERROR;
				CLANG_WARN_UNREACHABLE_CODE = YES;
				CLANG_WARN__DUPLICATE_METHOD_MATCH = YES;
				"CODE_SIGN_IDENTITY[sdk=iphoneos*]" = "iPhone Developer";
				COPY_PHASE_STRIP = NO;
				ENABLE_STRICT_OBJC_MSGSEND = YES;
				GCC_C_LANGUAGE_STANDARD = gnu99;
				GCC_DYNAMIC_NO_PIC = NO;
				GCC_OPTIMIZATION_LEVEL = 0;
				GCC_PREPROCESSOR_DEFINITIONS = (
					"DEBUG=1",
					"$(inherited)",
				);
				GCC_SYMBOLS_PRIVATE_EXTERN = NO;
				GCC_WARN_64_TO_32_BIT_CONVERSION = YES;
				GCC_WARN_ABOUT_RETURN_TYPE = YES_ERROR;
				GCC_WARN_UNDECLARED_SELECTOR = YES;
				GCC_WARN_UNINITIALIZED_AUTOS = YES_AGGRESSIVE;
				GCC_WARN_UNUSED_FUNCTION = YES;
				GCC_WARN_UNUSED_VARIABLE = YES;
				IPHONEOS_DEPLOYMENT_TARGET = 8.1;
				MTL_ENABLE_DEBUG_INFO = YES;
				ONLY_ACTIVE_ARCH = YES;
				SDKROOT = iphoneos;
				SWIFT_OPTIMIZATION_LEVEL = "-Onone";
			};
			name = Debug;
		};
		13CEA20E1A92E11200331FBC /* Release */ = {
			isa = XCBuildConfiguration;
			buildSettings = {
				ALWAYS_SEARCH_USER_PATHS = NO;
				CLANG_CXX_LANGUAGE_STANDARD = "gnu++0x";
				CLANG_CXX_LIBRARY = "libc++";
				CLANG_ENABLE_MODULES = YES;
				CLANG_ENABLE_OBJC_ARC = YES;
				CLANG_WARN_BOOL_CONVERSION = YES;
				CLANG_WARN_CONSTANT_CONVERSION = YES;
				CLANG_WARN_DIRECT_OBJC_ISA_USAGE = YES_ERROR;
				CLANG_WARN_EMPTY_BODY = YES;
				CLANG_WARN_ENUM_CONVERSION = YES;
				CLANG_WARN_INT_CONVERSION = YES;
				CLANG_WARN_OBJC_ROOT_CLASS = YES_ERROR;
				CLANG_WARN_UNREACHABLE_CODE = YES;
				CLANG_WARN__DUPLICATE_METHOD_MATCH = YES;
				"CODE_SIGN_IDENTITY[sdk=iphoneos*]" = "iPhone Developer";
				COPY_PHASE_STRIP = YES;
				ENABLE_NS_ASSERTIONS = NO;
				ENABLE_STRICT_OBJC_MSGSEND = YES;
				GCC_C_LANGUAGE_STANDARD = gnu99;
				GCC_WARN_64_TO_32_BIT_CONVERSION = YES;
				GCC_WARN_ABOUT_RETURN_TYPE = YES_ERROR;
				GCC_WARN_UNDECLARED_SELECTOR = YES;
				GCC_WARN_UNINITIALIZED_AUTOS = YES_AGGRESSIVE;
				GCC_WARN_UNUSED_FUNCTION = YES;
				GCC_WARN_UNUSED_VARIABLE = YES;
				IPHONEOS_DEPLOYMENT_TARGET = 8.1;
				MTL_ENABLE_DEBUG_INFO = NO;
				SDKROOT = iphoneos;
				VALIDATE_PRODUCT = YES;
			};
			name = Release;
		};
		13CEA2101A92E11200331FBC /* Debug */ = {
			isa = XCBuildConfiguration;
			buildSettings = {
				ASSETCATALOG_COMPILER_APPICON_NAME = AppIcon;
				INFOPLIST_FILE = Timer/Info.plist;
				LD_RUNPATH_SEARCH_PATHS = "$(inherited) @executable_path/Frameworks";
				PRODUCT_NAME = "$(TARGET_NAME)";
			};
			name = Debug;
		};
		13CEA2111A92E11200331FBC /* Release */ = {
			isa = XCBuildConfiguration;
			buildSettings = {
				ASSETCATALOG_COMPILER_APPICON_NAME = AppIcon;
				INFOPLIST_FILE = Timer/Info.plist;
				LD_RUNPATH_SEARCH_PATHS = "$(inherited) @executable_path/Frameworks";
				PRODUCT_NAME = "$(TARGET_NAME)";
			};
			name = Release;
		};
		13CEA2131A92E11200331FBC /* Debug */ = {
			isa = XCBuildConfiguration;
			buildSettings = {
				BUNDLE_LOADER = "$(TEST_HOST)";
				FRAMEWORK_SEARCH_PATHS = (
					"$(SDKROOT)/Developer/Library/Frameworks",
					"$(inherited)",
				);
				GCC_PREPROCESSOR_DEFINITIONS = (
					"DEBUG=1",
					"$(inherited)",
				);
				INFOPLIST_FILE = TimerTests/Info.plist;
				LD_RUNPATH_SEARCH_PATHS = "$(inherited) @executable_path/Frameworks @loader_path/Frameworks";
				PRODUCT_NAME = "$(TARGET_NAME)";
				TEST_HOST = "$(BUILT_PRODUCTS_DIR)/Timer.app/Timer";
			};
			name = Debug;
		};
		13CEA2141A92E11200331FBC /* Release */ = {
			isa = XCBuildConfiguration;
			buildSettings = {
				BUNDLE_LOADER = "$(TEST_HOST)";
				FRAMEWORK_SEARCH_PATHS = (
					"$(SDKROOT)/Developer/Library/Frameworks",
					"$(inherited)",
				);
				INFOPLIST_FILE = TimerTests/Info.plist;
				LD_RUNPATH_SEARCH_PATHS = "$(inherited) @executable_path/Frameworks @loader_path/Frameworks";
				PRODUCT_NAME = "$(TARGET_NAME)";
				TEST_HOST = "$(BUILT_PRODUCTS_DIR)/Timer.app/Timer";
			};
			name = Release;
		};
/* End XCBuildConfiguration section */

/* Begin XCConfigurationList section */
		13CEA1EB1A92E11200331FBC /* Build configuration list for PBXProject "Timer" */ = {
			isa = XCConfigurationList;
			buildConfigurations = (
				13CEA20D1A92E11200331FBC /* Debug */,
				13CEA20E1A92E11200331FBC /* Release */,
			);
			defaultConfigurationIsVisible = 0;
			defaultConfigurationName = Release;
		};
		13CEA20F1A92E11200331FBC /* Build configuration list for PBXNativeTarget "Timer" */ = {
			isa = XCConfigurationList;
			buildConfigurations = (
				13CEA2101A92E11200331FBC /* Debug */,
				13CEA2111A92E11200331FBC /* Release */,
			);
			defaultConfigurationIsVisible = 0;
		};
		13CEA2121A92E11200331FBC /* Build configuration list for PBXNativeTarget "TimerTests" */ = {
			isa = XCConfigurationList;
			buildConfigurations = (
				13CEA2131A92E11200331FBC /* Debug */,
				13CEA2141A92E11200331FBC /* Release */,
			);
			defaultConfigurationIsVisible = 0;
		};
/* End XCConfigurationList section */
	};
	rootObject = 13CEA1E81A92E11200331FBC /* Project object */;
}
